PODS:
  - BDGScreenshot (0.0.2)
  - RAECategories (0.1.2):
    - BDGScreenshot

DEPENDENCIES:
  - RAECategories (from `../`)

EXTERNAL SOURCES:
  RAECategories:
    :path: ../

SPEC CHECKSUMS:
  BDGScreenshot: f493d124c9935132da9e0ca9e8f2e6be180f7dd5
  RAECategories: 8b9efab56c45f0378235760635f2495354ec19d2

PODFILE CHECKSUM: 0e822165bcc37fc65a5bcdb04e23ab721ac9656d

COCOAPODS: 1.3.1
